// !$*UTF8*$!
{
	archiveVersion = 1;
	classes = {
	};
	objectVersion = 56;
	objects = {

/* Begin PBXBuildFile section */
		1298A0DA2B1637B9001B0C23 /* EconLedgerApp.swift in Sources */ = {isa = PBXBuildFile; fileRef = 1298A0D92B1637B9001B0C23 /* EconLedgerApp.swift */; };
		1298A0DC2B1637B9001B0C23 /* Persistence.swift in Sources */ = {isa = PBXBuildFile; fileRef = 1298A0DB2B1637B9001B0C23 /* Persistence.swift */; };
		1298A0DF2B1637B9001B0C23 /* EconLedger.xcdatamodeld in Sources */ = {isa = PBXBuildFile; fileRef = 1298A0DD2B1637B9001B0C23 /* EconLedger.xcdatamodeld */; };
		1298A0E12B1637B9001B0C23 /* ContentView.swift in Sources */ = {isa = PBXBuildFile; fileRef = 1298A0E02B1637B9001B0C23 /* ContentView.swift */; };
		1298A0E32B1637BA001B0C23 /* Assets.xcassets in Resources */ = {isa = PBXBuildFile; fileRef = 1298A0E22B1637BA001B0C23 /* Assets.xcassets */; };
		1298A0E72B1637BA001B0C23 /* Preview Assets.xcassets in Resources */ = {isa = PBXBuildFile; fileRef = 1298A0E62B1637BA001B0C23 /* Preview Assets.xcassets */; };
		1298A0F12B1637BA001B0C23 /* EconLedgerTests.swift in Sources */ = {isa = PBXBuildFile; fileRef = 1298A0F02B1637BA001B0C23 /* EconLedgerTests.swift */; };
		1298A0FB2B1637BA001B0C23 /* EconLedgerUITests.swift in Sources */ = {isa = PBXBuildFile; fileRef = 1298A0FA2B1637BA001B0C23 /* EconLedgerUITests.swift */; };
		1298A0FD2B1637BA001B0C23 /* EconLedgerUITestsLaunchTests.swift in Sources */ = {isa = PBXBuildFile; fileRef = 1298A0FC2B1637BA001B0C23 /* EconLedgerUITestsLaunchTests.swift */; };
		1298A10D2B163885001B0C23 /* BudgetScreen.swift in Sources */ = {isa = PBXBuildFile; fileRef = 1298A10C2B163885001B0C23 /* BudgetScreen.swift */; };
		1298A1102B1638BE001B0C23 /* HapticManager.swift in Sources */ = {isa = PBXBuildFile; fileRef = 1298A10F2B1638BE001B0C23 /* HapticManager.swift */; };
		1298A1132B163900001B0C23 /* FloatingTextfield.swift in Sources */ = {isa = PBXBuildFile; fileRef = 1298A1122B163900001B0C23 /* FloatingTextfield.swift */; };
		1298A1152B164C71001B0C23 /* AddBudgetViewModel.swift in Sources */ = {isa = PBXBuildFile; fileRef = 1298A1142B164C71001B0C23 /* AddBudgetViewModel.swift */; };
		1298A1172B164C9B001B0C23 /* AddBudgetView.swift in Sources */ = {isa = PBXBuildFile; fileRef = 1298A1162B164C9B001B0C23 /* AddBudgetView.swift */; };
		1298A11A2B164CEE001B0C23 /* IconPickerView.swift in Sources */ = {isa = PBXBuildFile; fileRef = 1298A1192B164CEE001B0C23 /* IconPickerView.swift */; };
		1298A11C2B1651A8001B0C23 /* UIColorTransformer.swift in Sources */ = {isa = PBXBuildFile; fileRef = 1298A11B2B1651A8001B0C23 /* UIColorTransformer.swift */; };
		1298A1292B165770001B0C23 /* Budget+CoreDataClass.swift in Sources */ = {isa = PBXBuildFile; fileRef = 1298A1252B165770001B0C23 /* Budget+CoreDataClass.swift */; };
		1298A12A2B165770001B0C23 /* Budget+CoreDataProperties.swift in Sources */ = {isa = PBXBuildFile; fileRef = 1298A1262B165770001B0C23 /* Budget+CoreDataProperties.swift */; };
		1298A12B2B165770001B0C23 /* Payment+CoreDataClass.swift in Sources */ = {isa = PBXBuildFile; fileRef = 1298A1272B165770001B0C23 /* Payment+CoreDataClass.swift */; };
		1298A12C2B165770001B0C23 /* Payment+CoreDataProperties.swift in Sources */ = {isa = PBXBuildFile; fileRef = 1298A1282B165770001B0C23 /* Payment+CoreDataProperties.swift */; };
/* End PBXBuildFile section */

/* Begin PBXContainerItemProxy section */
		1298A0ED2B1637BA001B0C23 /* PBXContainerItemProxy */ = {
			isa = PBXContainerItemProxy;
			containerPortal = 1298A0CE2B1637B9001B0C23 /* Project object */;
			proxyType = 1;
			remoteGlobalIDString = 1298A0D52B1637B9001B0C23;
			remoteInfo = EconLedger;
		};
		1298A0F72B1637BA001B0C23 /* PBXContainerItemProxy */ = {
			isa = PBXContainerItemProxy;
			containerPortal = 1298A0CE2B1637B9001B0C23 /* Project object */;
			proxyType = 1;
			remoteGlobalIDString = 1298A0D52B1637B9001B0C23;
			remoteInfo = EconLedger;
		};
/* End PBXContainerItemProxy section */

/* Begin PBXFileReference section */
		1298A0D62B1637B9001B0C23 /* EconLedger.app */ = {isa = PBXFileReference; explicitFileType = wrapper.application; includeInIndex = 0; path = EconLedger.app; sourceTree = BUILT_PRODUCTS_DIR; };
		1298A0D92B1637B9001B0C23 /* EconLedgerApp.swift */ = {isa = PBXFileReference; lastKnownFileType = sourcecode.swift; path = EconLedgerApp.swift; sourceTree = "<group>"; };
		1298A0DB2B1637B9001B0C23 /* Persistence.swift */ = {isa = PBXFileReference; lastKnownFileType = sourcecode.swift; path = Persistence.swift; sourceTree = "<group>"; };
		1298A0DE2B1637B9001B0C23 /* EconLedger.xcdatamodel */ = {isa = PBXFileReference; lastKnownFileType = wrapper.xcdatamodel; path = EconLedger.xcdatamodel; sourceTree = "<group>"; };
		1298A0E02B1637B9001B0C23 /* ContentView.swift */ = {isa = PBXFileReference; lastKnownFileType = sourcecode.swift; path = ContentView.swift; sourceTree = "<group>"; };
		1298A0E22B1637BA001B0C23 /* Assets.xcassets */ = {isa = PBXFileReference; lastKnownFileType = folder.assetcatalog; path = Assets.xcassets; sourceTree = "<group>"; };
		1298A0E42B1637BA001B0C23 /* EconLedger.entitlements */ = {isa = PBXFileReference; lastKnownFileType = text.plist.entitlements; path = EconLedger.entitlements; sourceTree = "<group>"; };
		1298A0E62B1637BA001B0C23 /* Preview Assets.xcassets */ = {isa = PBXFileReference; lastKnownFileType = folder.assetcatalog; path = "Preview Assets.xcassets"; sourceTree = "<group>"; };
		1298A0EC2B1637BA001B0C23 /* EconLedgerTests.xctest */ = {isa = PBXFileReference; explicitFileType = wrapper.cfbundle; includeInIndex = 0; path = EconLedgerTests.xctest; sourceTree = BUILT_PRODUCTS_DIR; };
		1298A0F02B1637BA001B0C23 /* EconLedgerTests.swift */ = {isa = PBXFileReference; lastKnownFileType = sourcecode.swift; path = EconLedgerTests.swift; sourceTree = "<group>"; };
		1298A0F62B1637BA001B0C23 /* EconLedgerUITests.xctest */ = {isa = PBXFileReference; explicitFileType = wrapper.cfbundle; includeInIndex = 0; path = EconLedgerUITests.xctest; sourceTree = BUILT_PRODUCTS_DIR; };
		1298A0FA2B1637BA001B0C23 /* EconLedgerUITests.swift */ = {isa = PBXFileReference; lastKnownFileType = sourcecode.swift; path = EconLedgerUITests.swift; sourceTree = "<group>"; };
		1298A0FC2B1637BA001B0C23 /* EconLedgerUITestsLaunchTests.swift */ = {isa = PBXFileReference; lastKnownFileType = sourcecode.swift; path = EconLedgerUITestsLaunchTests.swift; sourceTree = "<group>"; };
		1298A10C2B163885001B0C23 /* BudgetScreen.swift */ = {isa = PBXFileReference; lastKnownFileType = sourcecode.swift; path = BudgetScreen.swift; sourceTree = "<group>"; };
		1298A10F2B1638BE001B0C23 /* HapticManager.swift */ = {isa = PBXFileReference; lastKnownFileType = sourcecode.swift; path = HapticManager.swift; sourceTree = "<group>"; };
		1298A1122B163900001B0C23 /* FloatingTextfield.swift */ = {isa = PBXFileReference; lastKnownFileType = sourcecode.swift; path = FloatingTextfield.swift; sourceTree = "<group>"; };
		1298A1142B164C71001B0C23 /* AddBudgetViewModel.swift */ = {isa = PBXFileReference; lastKnownFileType = sourcecode.swift; path = AddBudgetViewModel.swift; sourceTree = "<group>"; };
		1298A1162B164C9B001B0C23 /* AddBudgetView.swift */ = {isa = PBXFileReference; lastKnownFileType = sourcecode.swift; path = AddBudgetView.swift; sourceTree = "<group>"; };
		1298A1192B164CEE001B0C23 /* IconPickerView.swift */ = {isa = PBXFileReference; lastKnownFileType = sourcecode.swift; path = IconPickerView.swift; sourceTree = "<group>"; };
		1298A11B2B1651A8001B0C23 /* UIColorTransformer.swift */ = {isa = PBXFileReference; lastKnownFileType = sourcecode.swift; path = UIColorTransformer.swift; sourceTree = "<group>"; };
		1298A1252B165770001B0C23 /* Budget+CoreDataClass.swift */ = {isa = PBXFileReference; lastKnownFileType = sourcecode.swift; path = "Budget+CoreDataClass.swift"; sourceTree = "<group>"; };
		1298A1262B165770001B0C23 /* Budget+CoreDataProperties.swift */ = {isa = PBXFileReference; lastKnownFileType = sourcecode.swift; path = "Budget+CoreDataProperties.swift"; sourceTree = "<group>"; };
		1298A1272B165770001B0C23 /* Payment+CoreDataClass.swift */ = {isa = PBXFileReference; lastKnownFileType = sourcecode.swift; path = "Payment+CoreDataClass.swift"; sourceTree = "<group>"; };
		1298A1282B165770001B0C23 /* Payment+CoreDataProperties.swift */ = {isa = PBXFileReference; lastKnownFileType = sourcecode.swift; path = "Payment+CoreDataProperties.swift"; sourceTree = "<group>"; };
/* End PBXFileReference section */

/* Begin PBXFrameworksBuildPhase section */
		1298A0D32B1637B9001B0C23 /* Frameworks */ = {
			isa = PBXFrameworksBuildPhase;
			buildActionMask = 2147483647;
			files = (
			);
			runOnlyForDeploymentPostprocessing = 0;
		};
		1298A0E92B1637BA001B0C23 /* Frameworks */ = {
			isa = PBXFrameworksBuildPhase;
			buildActionMask = 2147483647;
			files = (
			);
			runOnlyForDeploymentPostprocessing = 0;
		};
		1298A0F32B1637BA001B0C23 /* Frameworks */ = {
			isa = PBXFrameworksBuildPhase;
			buildActionMask = 2147483647;
			files = (
			);
			runOnlyForDeploymentPostprocessing = 0;
		};
/* End PBXFrameworksBuildPhase section */

/* Begin PBXGroup section */
		1298A0CD2B1637B9001B0C23 = {
			isa = PBXGroup;
			children = (
				1298A0D82B1637B9001B0C23 /* EconLedger */,
				1298A0EF2B1637BA001B0C23 /* EconLedgerTests */,
				1298A0F92B1637BA001B0C23 /* EconLedgerUITests */,
				1298A0D72B1637B9001B0C23 /* Products */,
			);
			sourceTree = "<group>";
		};
		1298A0D72B1637B9001B0C23 /* Products */ = {
			isa = PBXGroup;
			children = (
				1298A0D62B1637B9001B0C23 /* EconLedger.app */,
				1298A0EC2B1637BA001B0C23 /* EconLedgerTests.xctest */,
				1298A0F62B1637BA001B0C23 /* EconLedgerUITests.xctest */,
			);
			name = Products;
			sourceTree = "<group>";
		};
		1298A0D82B1637B9001B0C23 /* EconLedger */ = {
			isa = PBXGroup;
			children = (
				1298A1112B1638D9001B0C23 /* SupportFiles */,
				1298A10E2B1638A9001B0C23 /* Managers */,
				1298A1092B1637D5001B0C23 /* Views */,
				1298A10A2B1637DF001B0C23 /* Models */,
				1298A10B2B1637EE001B0C23 /* Persistence */,
				1298A0E22B1637BA001B0C23 /* Assets.xcassets */,
				1298A0E42B1637BA001B0C23 /* EconLedger.entitlements */,
				1298A0E52B1637BA001B0C23 /* Preview Content */,
			);
			path = EconLedger;
			sourceTree = "<group>";
		};
		1298A0E52B1637BA001B0C23 /* Preview Content */ = {
			isa = PBXGroup;
			children = (
				1298A0E62B1637BA001B0C23 /* Preview Assets.xcassets */,
			);
			path = "Preview Content";
			sourceTree = "<group>";
		};
		1298A0EF2B1637BA001B0C23 /* EconLedgerTests */ = {
			isa = PBXGroup;
			children = (
				1298A0F02B1637BA001B0C23 /* EconLedgerTests.swift */,
			);
			path = EconLedgerTests;
			sourceTree = "<group>";
		};
		1298A0F92B1637BA001B0C23 /* EconLedgerUITests */ = {
			isa = PBXGroup;
			children = (
				1298A0FA2B1637BA001B0C23 /* EconLedgerUITests.swift */,
				1298A0FC2B1637BA001B0C23 /* EconLedgerUITestsLaunchTests.swift */,
			);
			path = EconLedgerUITests;
			sourceTree = "<group>";
		};
		1298A1092B1637D5001B0C23 /* Views */ = {
			isa = PBXGroup;
			children = (
				1298A0E02B1637B9001B0C23 /* ContentView.swift */,
				1298A10C2B163885001B0C23 /* BudgetScreen.swift */,
				1298A1162B164C9B001B0C23 /* AddBudgetView.swift */,
			);
			path = Views;
			sourceTree = "<group>";
		};
		1298A10A2B1637DF001B0C23 /* Models */ = {
			isa = PBXGroup;
			children = (
				1298A1252B165770001B0C23 /* Budget+CoreDataClass.swift */,
				1298A1262B165770001B0C23 /* Budget+CoreDataProperties.swift */,
				1298A1272B165770001B0C23 /* Payment+CoreDataClass.swift */,
				1298A1282B165770001B0C23 /* Payment+CoreDataProperties.swift */,
				1298A0DD2B1637B9001B0C23 /* EconLedger.xcdatamodeld */,
				1298A0D92B1637B9001B0C23 /* EconLedgerApp.swift */,
				1298A1142B164C71001B0C23 /* AddBudgetViewModel.swift */,
			);
			path = Models;
			sourceTree = "<group>";
		};
		1298A10B2B1637EE001B0C23 /* Persistence */ = {
			isa = PBXGroup;
			children = (
				1298A0DB2B1637B9001B0C23 /* Persistence.swift */,
			);
			path = Persistence;
			sourceTree = "<group>";
		};
		1298A10E2B1638A9001B0C23 /* Managers */ = {
			isa = PBXGroup;
			children = (
				1298A10F2B1638BE001B0C23 /* HapticManager.swift */,
			);
			path = Managers;
			sourceTree = "<group>";
		};
		1298A1112B1638D9001B0C23 /* SupportFiles */ = {
			isa = PBXGroup;
			children = (
				1298A1182B164CB9001B0C23 /* SupportingViews */,
				1298A1122B163900001B0C23 /* FloatingTextfield.swift */,
				1298A11B2B1651A8001B0C23 /* UIColorTransformer.swift */,
			);
			path = SupportFiles;
			sourceTree = "<group>";
		};
		1298A1182B164CB9001B0C23 /* SupportingViews */ = {
			isa = PBXGroup;
			children = (
				1298A1192B164CEE001B0C23 /* IconPickerView.swift */,
			);
			path = SupportingViews;
			sourceTree = "<group>";
		};
/* End PBXGroup section */

/* Begin PBXNativeTarget section */
		1298A0D52B1637B9001B0C23 /* EconLedger */ = {
			isa = PBXNativeTarget;
			buildConfigurationList = 1298A1002B1637BA001B0C23 /* Build configuration list for PBXNativeTarget "EconLedger" */;
			buildPhases = (
				1298A0D22B1637B9001B0C23 /* Sources */,
				1298A0D32B1637B9001B0C23 /* Frameworks */,
				1298A0D42B1637B9001B0C23 /* Resources */,
			);
			buildRules = (
			);
			dependencies = (
			);
			name = EconLedger;
			productName = EconLedger;
			productReference = 1298A0D62B1637B9001B0C23 /* EconLedger.app */;
			productType = "com.apple.product-type.application";
		};
		1298A0EB2B1637BA001B0C23 /* EconLedgerTests */ = {
			isa = PBXNativeTarget;
			buildConfigurationList = 1298A1032B1637BA001B0C23 /* Build configuration list for PBXNativeTarget "EconLedgerTests" */;
			buildPhases = (
				1298A0E82B1637BA001B0C23 /* Sources */,
				1298A0E92B1637BA001B0C23 /* Frameworks */,
				1298A0EA2B1637BA001B0C23 /* Resources */,
			);
			buildRules = (
			);
			dependencies = (
				1298A0EE2B1637BA001B0C23 /* PBXTargetDependency */,
			);
			name = EconLedgerTests;
			productName = EconLedgerTests;
			productReference = 1298A0EC2B1637BA001B0C23 /* EconLedgerTests.xctest */;
			productType = "com.apple.product-type.bundle.unit-test";
		};
		1298A0F52B1637BA001B0C23 /* EconLedgerUITests */ = {
			isa = PBXNativeTarget;
			buildConfigurationList = 1298A1062B1637BA001B0C23 /* Build configuration list for PBXNativeTarget "EconLedgerUITests" */;
			buildPhases = (
				1298A0F22B1637BA001B0C23 /* Sources */,
				1298A0F32B1637BA001B0C23 /* Frameworks */,
				1298A0F42B1637BA001B0C23 /* Resources */,
			);
			buildRules = (
			);
			dependencies = (
				1298A0F82B1637BA001B0C23 /* PBXTargetDependency */,
			);
			name = EconLedgerUITests;
			productName = EconLedgerUITests;
			productReference = 1298A0F62B1637BA001B0C23 /* EconLedgerUITests.xctest */;
			productType = "com.apple.product-type.bundle.ui-testing";
		};
/* End PBXNativeTarget section */

/* Begin PBXProject section */
		1298A0CE2B1637B9001B0C23 /* Project object */ = {
			isa = PBXProject;
			attributes = {
				BuildIndependentTargetsInParallel = 1;
				LastSwiftUpdateCheck = 1500;
				LastUpgradeCheck = 1500;
				TargetAttributes = {
					1298A0D52B1637B9001B0C23 = {
						CreatedOnToolsVersion = 15.0.1;
					};
					1298A0EB2B1637BA001B0C23 = {
						CreatedOnToolsVersion = 15.0.1;
						TestTargetID = 1298A0D52B1637B9001B0C23;
					};
					1298A0F52B1637BA001B0C23 = {
						CreatedOnToolsVersion = 15.0.1;
						TestTargetID = 1298A0D52B1637B9001B0C23;
					};
				};
			};
			buildConfigurationList = 1298A0D12B1637B9001B0C23 /* Build configuration list for PBXProject "EconLedger" */;
			compatibilityVersion = "Xcode 14.0";
			developmentRegion = en;
			hasScannedForEncodings = 0;
			knownRegions = (
				en,
				Base,
			);
			mainGroup = 1298A0CD2B1637B9001B0C23;
			productRefGroup = 1298A0D72B1637B9001B0C23 /* Products */;
			projectDirPath = "";
			projectRoot = "";
			targets = (
				1298A0D52B1637B9001B0C23 /* EconLedger */,
				1298A0EB2B1637BA001B0C23 /* EconLedgerTests */,
				1298A0F52B1637BA001B0C23 /* EconLedgerUITests */,
			);
		};
/* End PBXProject section */

/* Begin PBXResourcesBuildPhase section */
		1298A0D42B1637B9001B0C23 /* Resources */ = {
			isa = PBXResourcesBuildPhase;
			buildActionMask = 2147483647;
			files = (
				1298A0E72B1637BA001B0C23 /* Preview Assets.xcassets in Resources */,
				1298A0E32B1637BA001B0C23 /* Assets.xcassets in Resources */,
			);
			runOnlyForDeploymentPostprocessing = 0;
		};
		1298A0EA2B1637BA001B0C23 /* Resources */ = {
			isa = PBXResourcesBuildPhase;
			buildActionMask = 2147483647;
			files = (
			);
			runOnlyForDeploymentPostprocessing = 0;
		};
		1298A0F42B1637BA001B0C23 /* Resources */ = {
			isa = PBXResourcesBuildPhase;
			buildActionMask = 2147483647;
			files = (
			);
			runOnlyForDeploymentPostprocessing = 0;
		};
/* End PBXResourcesBuildPhase section */

/* Begin PBXSourcesBuildPhase section */
		1298A0D22B1637B9001B0C23 /* Sources */ = {
			isa = PBXSourcesBuildPhase;
			buildActionMask = 2147483647;
			files = (
				1298A11C2B1651A8001B0C23 /* UIColorTransformer.swift in Sources */,
				1298A12A2B165770001B0C23 /* Budget+CoreDataProperties.swift in Sources */,
				1298A1132B163900001B0C23 /* FloatingTextfield.swift in Sources */,
				1298A0DA2B1637B9001B0C23 /* EconLedgerApp.swift in Sources */,
				1298A1172B164C9B001B0C23 /* AddBudgetView.swift in Sources */,
				1298A1292B165770001B0C23 /* Budget+CoreDataClass.swift in Sources */,
				1298A0DC2B1637B9001B0C23 /* Persistence.swift in Sources */,
				1298A1152B164C71001B0C23 /* AddBudgetViewModel.swift in Sources */,
				1298A11A2B164CEE001B0C23 /* IconPickerView.swift in Sources */,
				1298A0E12B1637B9001B0C23 /* ContentView.swift in Sources */,
				1298A12C2B165770001B0C23 /* Payment+CoreDataProperties.swift in Sources */,
				1298A10D2B163885001B0C23 /* BudgetScreen.swift in Sources */,
				1298A1102B1638BE001B0C23 /* HapticManager.swift in Sources */,
				1298A12B2B165770001B0C23 /* Payment+CoreDataClass.swift in Sources */,
				1298A0DF2B1637B9001B0C23 /* EconLedger.xcdatamodeld in Sources */,
			);
			runOnlyForDeploymentPostprocessing = 0;
		};
		1298A0E82B1637BA001B0C23 /* Sources */ = {
			isa = PBXSourcesBuildPhase;
			buildActionMask = 2147483647;
			files = (
				1298A0F12B1637BA001B0C23 /* EconLedgerTests.swift in Sources */,
			);
			runOnlyForDeploymentPostprocessing = 0;
		};
		1298A0F22B1637BA001B0C23 /* Sources */ = {
			isa = PBXSourcesBuildPhase;
			buildActionMask = 2147483647;
			files = (
				1298A0FD2B1637BA001B0C23 /* EconLedgerUITestsLaunchTests.swift in Sources */,
				1298A0FB2B1637BA001B0C23 /* EconLedgerUITests.swift in Sources */,
			);
			runOnlyForDeploymentPostprocessing = 0;
		};
/* End PBXSourcesBuildPhase section */

/* Begin PBXTargetDependency section */
		1298A0EE2B1637BA001B0C23 /* PBXTargetDependency */ = {
			isa = PBXTargetDependency;
			target = 1298A0D52B1637B9001B0C23 /* EconLedger */;
			targetProxy = 1298A0ED2B1637BA001B0C23 /* PBXContainerItemProxy */;
		};
		1298A0F82B1637BA001B0C23 /* PBXTargetDependency */ = {
			isa = PBXTargetDependency;
			target = 1298A0D52B1637B9001B0C23 /* EconLedger */;
			targetProxy = 1298A0F72B1637BA001B0C23 /* PBXContainerItemProxy */;
		};
/* End PBXTargetDependency section */

/* Begin XCBuildConfiguration section */
		1298A0FE2B1637BA001B0C23 /* Debug */ = {
			isa = XCBuildConfiguration;
			buildSettings = {
				ALWAYS_SEARCH_USER_PATHS = NO;
				ASSETCATALOG_COMPILER_GENERATE_SWIFT_ASSET_SYMBOL_EXTENSIONS = YES;
				CLANG_ANALYZER_NONNULL = YES;
				CLANG_ANALYZER_NUMBER_OBJECT_CONVERSION = YES_AGGRESSIVE;
				CLANG_CXX_LANGUAGE_STANDARD = "gnu++20";
				CLANG_ENABLE_MODULES = YES;
				CLANG_ENABLE_OBJC_ARC = YES;
				CLANG_ENABLE_OBJC_WEAK = YES;
				CLANG_WARN_BLOCK_CAPTURE_AUTORELEASING = YES;
				CLANG_WARN_BOOL_CONVERSION = YES;
				CLANG_WARN_COMMA = YES;
				CLANG_WARN_CONSTANT_CONVERSION = YES;
				CLANG_WARN_DEPRECATED_OBJC_IMPLEMENTATIONS = YES;
				CLANG_WARN_DIRECT_OBJC_ISA_USAGE = YES_ERROR;
				CLANG_WARN_DOCUMENTATION_COMMENTS = YES;
				CLANG_WARN_EMPTY_BODY = YES;
				CLANG_WARN_ENUM_CONVERSION = YES;
				CLANG_WARN_INFINITE_RECURSION = YES;
				CLANG_WARN_INT_CONVERSION = YES;
				CLANG_WARN_NON_LITERAL_NULL_CONVERSION = YES;
				CLANG_WARN_OBJC_IMPLICIT_RETAIN_SELF = YES;
				CLANG_WARN_OBJC_LITERAL_CONVERSION = YES;
				CLANG_WARN_OBJC_ROOT_CLASS = YES_ERROR;
				CLANG_WARN_QUOTED_INCLUDE_IN_FRAMEWORK_HEADER = YES;
				CLANG_WARN_RANGE_LOOP_ANALYSIS = YES;
				CLANG_WARN_STRICT_PROTOTYPES = YES;
				CLANG_WARN_SUSPICIOUS_MOVE = YES;
				CLANG_WARN_UNGUARDED_AVAILABILITY = YES_AGGRESSIVE;
				CLANG_WARN_UNREACHABLE_CODE = YES;
				CLANG_WARN__DUPLICATE_METHOD_MATCH = YES;
				COPY_PHASE_STRIP = NO;
				DEBUG_INFORMATION_FORMAT = dwarf;
				ENABLE_STRICT_OBJC_MSGSEND = YES;
				ENABLE_TESTABILITY = YES;
				ENABLE_USER_SCRIPT_SANDBOXING = YES;
				GCC_C_LANGUAGE_STANDARD = gnu17;
				GCC_DYNAMIC_NO_PIC = NO;
				GCC_NO_COMMON_BLOCKS = YES;
				GCC_OPTIMIZATION_LEVEL = 0;
				GCC_PREPROCESSOR_DEFINITIONS = (
					"DEBUG=1",
					"$(inherited)",
				);
				GCC_WARN_64_TO_32_BIT_CONVERSION = YES;
				GCC_WARN_ABOUT_RETURN_TYPE = YES_ERROR;
				GCC_WARN_UNDECLARED_SELECTOR = YES;
				GCC_WARN_UNINITIALIZED_AUTOS = YES_AGGRESSIVE;
				GCC_WARN_UNUSED_FUNCTION = YES;
				GCC_WARN_UNUSED_VARIABLE = YES;
				LOCALIZATION_PREFERS_STRING_CATALOGS = YES;
				MTL_ENABLE_DEBUG_INFO = INCLUDE_SOURCE;
				MTL_FAST_MATH = YES;
				ONLY_ACTIVE_ARCH = YES;
				SWIFT_ACTIVE_COMPILATION_CONDITIONS = "DEBUG $(inherited)";
				SWIFT_OPTIMIZATION_LEVEL = "-Onone";
			};
			name = Debug;
		};
		1298A0FF2B1637BA001B0C23 /* Release */ = {
			isa = XCBuildConfiguration;
			buildSettings = {
				ALWAYS_SEARCH_USER_PATHS = NO;
				ASSETCATALOG_COMPILER_GENERATE_SWIFT_ASSET_SYMBOL_EXTENSIONS = YES;
				CLANG_ANALYZER_NONNULL = YES;
				CLANG_ANALYZER_NUMBER_OBJECT_CONVERSION = YES_AGGRESSIVE;
				CLANG_CXX_LANGUAGE_STANDARD = "gnu++20";
				CLANG_ENABLE_MODULES = YES;
				CLANG_ENABLE_OBJC_ARC = YES;
				CLANG_ENABLE_OBJC_WEAK = YES;
				CLANG_WARN_BLOCK_CAPTURE_AUTORELEASING = YES;
				CLANG_WARN_BOOL_CONVERSION = YES;
				CLANG_WARN_COMMA = YES;
				CLANG_WARN_CONSTANT_CONVERSION = YES;
				CLANG_WARN_DEPRECATED_OBJC_IMPLEMENTATIONS = YES;
				CLANG_WARN_DIRECT_OBJC_ISA_USAGE = YES_ERROR;
				CLANG_WARN_DOCUMENTATION_COMMENTS = YES;
				CLANG_WARN_EMPTY_BODY = YES;
				CLANG_WARN_ENUM_CONVERSION = YES;
				CLANG_WARN_INFINITE_RECURSION = YES;
				CLANG_WARN_INT_CONVERSION = YES;
				CLANG_WARN_NON_LITERAL_NULL_CONVERSION = YES;
				CLANG_WARN_OBJC_IMPLICIT_RETAIN_SELF = YES;
				CLANG_WARN_OBJC_LITERAL_CONVERSION = YES;
				CLANG_WARN_OBJC_ROOT_CLASS = YES_ERROR;
				CLANG_WARN_QUOTED_INCLUDE_IN_FRAMEWORK_HEADER = YES;
				CLANG_WARN_RANGE_LOOP_ANALYSIS = YES;
				CLANG_WARN_STRICT_PROTOTYPES = YES;
				CLANG_WARN_SUSPICIOUS_MOVE = YES;
				CLANG_WARN_UNGUARDED_AVAILABILITY = YES_AGGRESSIVE;
				CLANG_WARN_UNREACHABLE_CODE = YES;
				CLANG_WARN__DUPLICATE_METHOD_MATCH = YES;
				COPY_PHASE_STRIP = NO;
				DEBUG_INFORMATION_FORMAT = "dwarf-with-dsym";
				ENABLE_NS_ASSERTIONS = NO;
				ENABLE_STRICT_OBJC_MSGSEND = YES;
				ENABLE_USER_SCRIPT_SANDBOXING = YES;
				GCC_C_LANGUAGE_STANDARD = gnu17;
				GCC_NO_COMMON_BLOCKS = YES;
				GCC_WARN_64_TO_32_BIT_CONVERSION = YES;
				GCC_WARN_ABOUT_RETURN_TYPE = YES_ERROR;
				GCC_WARN_UNDECLARED_SELECTOR = YES;
				GCC_WARN_UNINITIALIZED_AUTOS = YES_AGGRESSIVE;
				GCC_WARN_UNUSED_FUNCTION = YES;
				GCC_WARN_UNUSED_VARIABLE = YES;
				LOCALIZATION_PREFERS_STRING_CATALOGS = YES;
				MTL_ENABLE_DEBUG_INFO = NO;
				MTL_FAST_MATH = YES;
				SWIFT_COMPILATION_MODE = wholemodule;
			};
			name = Release;
		};
		1298A1012B1637BA001B0C23 /* Debug */ = {
			isa = XCBuildConfiguration;
			buildSettings = {
				ASSETCATALOG_COMPILER_APPICON_NAME = AppIcon;
				ASSETCATALOG_COMPILER_GLOBAL_ACCENT_COLOR_NAME = AccentColor;
				CODE_SIGN_ENTITLEMENTS = EconLedger/EconLedger.entitlements;
				CODE_SIGN_STYLE = Automatic;
				CURRENT_PROJECT_VERSION = 1;
				DEVELOPMENT_ASSET_PATHS = "\"EconLedger/Preview Content\"";
				DEVELOPMENT_TEAM = 8QQYNTY523;
				ENABLE_HARDENED_RUNTIME = YES;
				ENABLE_PREVIEWS = YES;
				GENERATE_INFOPLIST_FILE = YES;
				"INFOPLIST_KEY_UIApplicationSceneManifest_Generation[sdk=iphoneos*]" = YES;
				"INFOPLIST_KEY_UIApplicationSceneManifest_Generation[sdk=iphonesimulator*]" = YES;
				"INFOPLIST_KEY_UIApplicationSupportsIndirectInputEvents[sdk=iphoneos*]" = YES;
				"INFOPLIST_KEY_UIApplicationSupportsIndirectInputEvents[sdk=iphonesimulator*]" = YES;
				"INFOPLIST_KEY_UILaunchScreen_Generation[sdk=iphoneos*]" = YES;
				"INFOPLIST_KEY_UILaunchScreen_Generation[sdk=iphonesimulator*]" = YES;
				"INFOPLIST_KEY_UIStatusBarStyle[sdk=iphoneos*]" = UIStatusBarStyleDefault;
				"INFOPLIST_KEY_UIStatusBarStyle[sdk=iphonesimulator*]" = UIStatusBarStyleDefault;
				INFOPLIST_KEY_UISupportedInterfaceOrientations_iPad = "UIInterfaceOrientationPortrait UIInterfaceOrientationPortraitUpsideDown UIInterfaceOrientationLandscapeLeft UIInterfaceOrientationLandscapeRight";
				INFOPLIST_KEY_UISupportedInterfaceOrientations_iPhone = "UIInterfaceOrientationPortrait UIInterfaceOrientationLandscapeLeft UIInterfaceOrientationLandscapeRight";
				IPHONEOS_DEPLOYMENT_TARGET = 17.0;
				LD_RUNPATH_SEARCH_PATHS = "@executable_path/Frameworks";
				"LD_RUNPATH_SEARCH_PATHS[sdk=macosx*]" = "@executable_path/../Frameworks";
				MACOSX_DEPLOYMENT_TARGET = 14.0;
				MARKETING_VERSION = 1.0;
				PRODUCT_BUNDLE_IDENTIFIER = com.weldtactics.EconLedger;
				PRODUCT_NAME = "$(TARGET_NAME)";
				SDKROOT = auto;
				SUPPORTED_PLATFORMS = "iphoneos iphonesimulator macosx";
				SWIFT_EMIT_LOC_STRINGS = YES;
				SWIFT_VERSION = 5.0;
				TARGETED_DEVICE_FAMILY = "1,2";
			};
			name = Debug;
		};
		1298A1022B1637BA001B0C23 /* Release */ = {
			isa = XCBuildConfiguration;
			buildSettings = {
				ASSETCATALOG_COMPILER_APPICON_NAME = AppIcon;
				ASSETCATALOG_COMPILER_GLOBAL_ACCENT_COLOR_NAME = AccentColor;
				CODE_SIGN_ENTITLEMENTS = EconLedger/EconLedger.entitlements;
				CODE_SIGN_STYLE = Automatic;
				CURRENT_PROJECT_VERSION = 1;
				DEVELOPMENT_ASSET_PATHS = "\"EconLedger/Preview Content\"";
				DEVELOPMENT_TEAM = 8QQYNTY523;
				ENABLE_HARDENED_RUNTIME = YES;
				ENABLE_PREVIEWS = YES;
				GENERATE_INFOPLIST_FILE = YES;
				"INFOPLIST_KEY_UIApplicationSceneManifest_Generation[sdk=iphoneos*]" = YES;
				"INFOPLIST_KEY_UIApplicationSceneManifest_Generation[sdk=iphonesimulator*]" = YES;
				"INFOPLIST_KEY_UIApplicationSupportsIndirectInputEvents[sdk=iphoneos*]" = YES;
				"INFOPLIST_KEY_UIApplicationSupportsIndirectInputEvents[sdk=iphonesimulator*]" = YES;
				"INFOPLIST_KEY_UILaunchScreen_Generation[sdk=iphoneos*]" = YES;
				"INFOPLIST_KEY_UILaunchScreen_Generation[sdk=iphonesimulator*]" = YES;
				"INFOPLIST_KEY_UIStatusBarStyle[sdk=iphoneos*]" = UIStatusBarStyleDefault;
				"INFOPLIST_KEY_UIStatusBarStyle[sdk=iphonesimulator*]" = UIStatusBarStyleDefault;
				INFOPLIST_KEY_UISupportedInterfaceOrientations_iPad = "UIInterfaceOrientationPortrait UIInterfaceOrientationPortraitUpsideDown UIInterfaceOrientationLandscapeLeft UIInterfaceOrientationLandscapeRight";
				INFOPLIST_KEY_UISupportedInterfaceOrientations_iPhone = "UIInterfaceOrientationPortrait UIInterfaceOrientationLandscapeLeft UIInterfaceOrientationLandscapeRight";
				IPHONEOS_DEPLOYMENT_TARGET = 17.0;
				LD_RUNPATH_SEARCH_PATHS = "@executable_path/Frameworks";
				"LD_RUNPATH_SEARCH_PATHS[sdk=macosx*]" = "@executable_path/../Frameworks";
				MACOSX_DEPLOYMENT_TARGET = 14.0;
				MARKETING_VERSION = 1.0;
				PRODUCT_BUNDLE_IDENTIFIER = com.weldtactics.EconLedger;
				PRODUCT_NAME = "$(TARGET_NAME)";
				SDKROOT = auto;
				SUPPORTED_PLATFORMS = "iphoneos iphonesimulator macosx";
				SWIFT_EMIT_LOC_STRINGS = YES;
				SWIFT_VERSION = 5.0;
				TARGETED_DEVICE_FAMILY = "1,2";
			};
			name = Release;
		};
		1298A1042B1637BA001B0C23 /* Debug */ = {
			isa = XCBuildConfiguration;
			buildSettings = {
				ALWAYS_EMBED_SWIFT_STANDARD_LIBRARIES = YES;
				BUNDLE_LOADER = "$(TEST_HOST)";
				CODE_SIGN_STYLE = Automatic;
				CURRENT_PROJECT_VERSION = 1;
				DEVELOPMENT_TEAM = 8QQYNTY523;
				GENERATE_INFOPLIST_FILE = YES;
				IPHONEOS_DEPLOYMENT_TARGET = 17.0;
				MACOSX_DEPLOYMENT_TARGET = 14.0;
				MARKETING_VERSION = 1.0;
				PRODUCT_BUNDLE_IDENTIFIER = com.weldtactics.EconLedgerTests;
				PRODUCT_NAME = "$(TARGET_NAME)";
				SDKROOT = auto;
				SUPPORTED_PLATFORMS = "iphoneos iphonesimulator macosx";
				SWIFT_EMIT_LOC_STRINGS = NO;
				SWIFT_VERSION = 5.0;
				TARGETED_DEVICE_FAMILY = "1,2";
				TEST_HOST = "$(BUILT_PRODUCTS_DIR)/EconLedger.app/$(BUNDLE_EXECUTABLE_FOLDER_PATH)/EconLedger";
			};
			name = Debug;
		};
		1298A1052B1637BA001B0C23 /* Release */ = {
			isa = XCBuildConfiguration;
			buildSettings = {
				ALWAYS_EMBED_SWIFT_STANDARD_LIBRARIES = YES;
				BUNDLE_LOADER = "$(TEST_HOST)";
				CODE_SIGN_STYLE = Automatic;
				CURRENT_PROJECT_VERSION = 1;
				DEVELOPMENT_TEAM = 8QQYNTY523;
				GENERATE_INFOPLIST_FILE = YES;
				IPHONEOS_DEPLOYMENT_TARGET = 17.0;
				MACOSX_DEPLOYMENT_TARGET = 14.0;
				MARKETING_VERSION = 1.0;
				PRODUCT_BUNDLE_IDENTIFIER = com.weldtactics.EconLedgerTests;
				PRODUCT_NAME = "$(TARGET_NAME)";
				SDKROOT = auto;
				SUPPORTED_PLATFORMS = "iphoneos iphonesimulator macosx";
				SWIFT_EMIT_LOC_STRINGS = NO;
				SWIFT_VERSION = 5.0;
				TARGETED_DEVICE_FAMILY = "1,2";
				TEST_HOST = "$(BUILT_PRODUCTS_DIR)/EconLedger.app/$(BUNDLE_EXECUTABLE_FOLDER_PATH)/EconLedger";
			};
			name = Release;
		};
		1298A1072B1637BA001B0C23 /* Debug */ = {
			isa = XCBuildConfiguration;
			buildSettings = {
				ALWAYS_EMBED_SWIFT_STANDARD_LIBRARIES = YES;
				CODE_SIGN_STYLE = Automatic;
				CURRENT_PROJECT_VERSION = 1;
				DEVELOPMENT_TEAM = 8QQYNTY523;
				GENERATE_INFOPLIST_FILE = YES;
				IPHONEOS_DEPLOYMENT_TARGET = 17.0;
				MACOSX_DEPLOYMENT_TARGET = 14.0;
				MARKETING_VERSION = 1.0;
				PRODUCT_BUNDLE_IDENTIFIER = com.weldtactics.EconLedgerUITests;
				PRODUCT_NAME = "$(TARGET_NAME)";
				SDKROOT = auto;
				SUPPORTED_PLATFORMS = "iphoneos iphonesimulator macosx";
				SWIFT_EMIT_LOC_STRINGS = NO;
				SWIFT_VERSION = 5.0;
				TARGETED_DEVICE_FAMILY = "1,2";
				TEST_TARGET_NAME = EconLedger;
			};
			name = Debug;
		};
		1298A1082B1637BA001B0C23 /* Release */ = {
			isa = XCBuildConfiguration;
			buildSettings = {
				ALWAYS_EMBED_SWIFT_STANDARD_LIBRARIES = YES;
				CODE_SIGN_STYLE = Automatic;
				CURRENT_PROJECT_VERSION = 1;
				DEVELOPMENT_TEAM = 8QQYNTY523;
				GENERATE_INFOPLIST_FILE = YES;
				IPHONEOS_DEPLOYMENT_TARGET = 17.0;
				MACOSX_DEPLOYMENT_TARGET = 14.0;
				MARKETING_VERSION = 1.0;
				PRODUCT_BUNDLE_IDENTIFIER = com.weldtactics.EconLedgerUITests;
				PRODUCT_NAME = "$(TARGET_NAME)";
				SDKROOT = auto;
				SUPPORTED_PLATFORMS = "iphoneos iphonesimulator macosx";
				SWIFT_EMIT_LOC_STRINGS = NO;
				SWIFT_VERSION = 5.0;
				TARGETED_DEVICE_FAMILY = "1,2";
				TEST_TARGET_NAME = EconLedger;
			};
			name = Release;
		};
/* End XCBuildConfiguration section */

/* Begin XCConfigurationList section */
		1298A0D12B1637B9001B0C23 /* Build configuration list for PBXProject "EconLedger" */ = {
			isa = XCConfigurationList;
			buildConfigurations = (
				1298A0FE2B1637BA001B0C23 /* Debug */,
				1298A0FF2B1637BA001B0C23 /* Release */,
			);
			defaultConfigurationIsVisible = 0;
			defaultConfigurationName = Release;
		};
		1298A1002B1637BA001B0C23 /* Build configuration list for PBXNativeTarget "EconLedger" */ = {
			isa = XCConfigurationList;
			buildConfigurations = (
				1298A1012B1637BA001B0C23 /* Debug */,
				1298A1022B1637BA001B0C23 /* Release */,
			);
			defaultConfigurationIsVisible = 0;
			defaultConfigurationName = Release;
		};
		1298A1032B1637BA001B0C23 /* Build configuration list for PBXNativeTarget "EconLedgerTests" */ = {
			isa = XCConfigurationList;
			buildConfigurations = (
				1298A1042B1637BA001B0C23 /* Debug */,
				1298A1052B1637BA001B0C23 /* Release */,
			);
			defaultConfigurationIsVisible = 0;
			defaultConfigurationName = Release;
		};
		1298A1062B1637BA001B0C23 /* Build configuration list for PBXNativeTarget "EconLedgerUITests" */ = {
			isa = XCConfigurationList;
			buildConfigurations = (
				1298A1072B1637BA001B0C23 /* Debug */,
				1298A1082B1637BA001B0C23 /* Release */,
			);
			defaultConfigurationIsVisible = 0;
			defaultConfigurationName = Release;
		};
/* End XCConfigurationList section */

/* Begin XCVersionGroup section */
		1298A0DD2B1637B9001B0C23 /* EconLedger.xcdatamodeld */ = {
			isa = XCVersionGroup;
			children = (
				1298A0DE2B1637B9001B0C23 /* EconLedger.xcdatamodel */,
			);
			currentVersion = 1298A0DE2B1637B9001B0C23 /* EconLedger.xcdatamodel */;
			path = EconLedger.xcdatamodeld;
			sourceTree = "<group>";
			versionGroupType = wrapper.xcdatamodel;
		};
/* End XCVersionGroup section */
	};
	rootObject = 1298A0CE2B1637B9001B0C23 /* Project object */;
}
